
Microsoft Visual Studio Solution File, Format Version 12.00
# Visual Studio Version 17
VisualStudioVersion = 17.2.32616.157
MinimumVisualStudioVersion = 10.0.40219.1
Project("{FAE04EC0-301F-11D3-BF4B-00C04F79EFBC}") = "LedCubeManager", "LedCubeManager\LedCubeManager.csproj", "{2A8462C2-7ACF-4548-8C70-7895902110E3}"
EndProject
Global
	GlobalSection(SolutionConfigurationPlatforms) = preSolution
		Debug|Any CPU = Debug|Any CPU
		Release|Any CPU = Release|Any CPU
	EndGlobalSection
	GlobalSection(ProjectConfigurationPlatforms) = postSolution
		{2A8462C2-7ACF-4548-8C70-7895902110E3}.Debug|Any CPU.ActiveCfg = Debug|Any CPU
		{2A8462C2-7ACF-4548-8C70-7895902110E3}.Debug|Any CPU.Build.0 = Debug|Any CPU
		{2A8462C2-7ACF-4548-8C70-7895902110E3}.Release|Any CPU.ActiveCfg = Release|Any CPU
		{2A8462C2-7ACF-4548-8C70-7895902110E3}.Release|Any CPU.Build.0 = Release|Any CPU
	EndGlobalSection
	GlobalSection(SolutionProperties) = preSolution
		HideSolutionNode = FALSE
	EndGlobalSection
	GlobalSection(ExtensibilityGlobals) = postSolution
		SolutionGuid = {20E98733-4ACE-4BBB-9687-CBEBE1FE0110}
	EndGlobalSection
EndGlobal
